
Microsoft Visual Studio Solution File, Format Version 12.00
# Visual Studio Version 16
VisualStudioVersion = 16.0.31129.286
MinimumVisualStudioVersion = 10.0.40219.1
Project("{FAE04EC0-301F-11D3-BF4B-00C04F79EFBC}") = "WebAPI", "WebAPI\WebAPI.csproj", "{0DE887D9-E888-48A7-9021-A416EE2691D9}"
EndProject
Project("{FAE04EC0-301F-11D3-BF4B-00C04F79EFBC}") = "DALAccess", "DataAccess\DALAccess.csproj", "{025BB15D-D192-43DC-8473-030DA2B602BE}"
EndProject
Global
	GlobalSection(SolutionConfigurationPlatforms) = preSolution
		Debug|Any CPU = Debug|Any CPU
		Release|Any CPU = Release|Any CPU
	EndGlobalSection
	GlobalSection(ProjectConfigurationPlatforms) = postSolution
		{0DE887D9-E888-48A7-9021-A416EE2691D9}.Debug|Any CPU.ActiveCfg = Debug|Any CPU
		{0DE887D9-E888-48A7-9021-A416EE2691D9}.Debug|Any CPU.Build.0 = Debug|Any CPU
		{0DE887D9-E888-48A7-9021-A416EE2691D9}.Release|Any CPU.ActiveCfg = Release|Any CPU
		{0DE887D9-E888-48A7-9021-A416EE2691D9}.Release|Any CPU.Build.0 = Release|Any CPU
		{025BB15D-D192-43DC-8473-030DA2B602BE}.Debug|Any CPU.ActiveCfg = Debug|Any CPU
		{025BB15D-D192-43DC-8473-030DA2B602BE}.Debug|Any CPU.Build.0 = Debug|Any CPU
		{025BB15D-D192-43DC-8473-030DA2B602BE}.Release|Any CPU.ActiveCfg = Release|Any CPU
		{025BB15D-D192-43DC-8473-030DA2B602BE}.Release|Any CPU.Build.0 = Release|Any CPU
	EndGlobalSection
	GlobalSection(SolutionProperties) = preSolution
		HideSolutionNode = FALSE
	EndGlobalSection
	GlobalSection(ExtensibilityGlobals) = postSolution
		SolutionGuid = {47825598-5F1C-4D0E-ACA8-27305BF5F3DA}
	EndGlobalSection
EndGlobal
